
Microsoft Visual Studio Solution File, Format Version 12.00
# Visual Studio Version 17
VisualStudioVersion = 17.3.32825.248
MinimumVisualStudioVersion = 10.0.40219.1
Project("{FAE04EC0-301F-11D3-BF4B-00C04F79EFBC}") = "MongoDB_API", "MongoDB_API\MongoDB_API.csproj", "{77E6CDBE-CDED-4DDB-A862-5965F625A81A}"
EndProject
Global
	GlobalSection(SolutionConfigurationPlatforms) = preSolution
		Debug|Any CPU = Debug|Any CPU
		Release|Any CPU = Release|Any CPU
	EndGlobalSection
	GlobalSection(ProjectConfigurationPlatforms) = postSolution
		{77E6CDBE-CDED-4DDB-A862-5965F625A81A}.Debug|Any CPU.ActiveCfg = Debug|Any CPU
		{77E6CDBE-CDED-4DDB-A862-5965F625A81A}.Debug|Any CPU.Build.0 = Debug|Any CPU
		{77E6CDBE-CDED-4DDB-A862-5965F625A81A}.Release|Any CPU.ActiveCfg = Release|Any CPU
		{77E6CDBE-CDED-4DDB-A862-5965F625A81A}.Release|Any CPU.Build.0 = Release|Any CPU
	EndGlobalSection
	GlobalSection(SolutionProperties) = preSolution
		HideSolutionNode = FALSE
	EndGlobalSection
	GlobalSection(ExtensibilityGlobals) = postSolution
		SolutionGuid = {6AF4B4FF-948A-42D1-958E-5C15B9514139}
	EndGlobalSection
EndGlobal
